
Microsoft Visual Studio Solution File, Format Version 12.00
# Visual Studio Version 17
VisualStudioVersion = 17.5.002.0
MinimumVisualStudioVersion = 10.0.40219.1
Project("{9A19103F-16F7-4668-BE54-9A1E7A4F7556}") = "KNXBoostDesktop", "KNXBoostDesktop.csproj", "{CF3549B3-772C-42B0-9881-758D4D811A80}"
EndProject
Global
	GlobalSection(SolutionConfigurationPlatforms) = preSolution
		Debug|Any CPU = Debug|Any CPU
		Release|Any CPU = Release|Any CPU
	EndGlobalSection
	GlobalSection(ProjectConfigurationPlatforms) = postSolution
		{CF3549B3-772C-42B0-9881-758D4D811A80}.Debug|Any CPU.ActiveCfg = Debug|Any CPU
		{CF3549B3-772C-42B0-9881-758D4D811A80}.Debug|Any CPU.Build.0 = Debug|Any CPU
		{CF3549B3-772C-42B0-9881-758D4D811A80}.Release|Any CPU.ActiveCfg = Release|Any CPU
		{CF3549B3-772C-42B0-9881-758D4D811A80}.Release|Any CPU.Build.0 = Release|Any CPU
	EndGlobalSection
	GlobalSection(SolutionProperties) = preSolution
		HideSolutionNode = FALSE
	EndGlobalSection
	GlobalSection(ExtensibilityGlobals) = postSolution
		SolutionGuid = {321665B9-233A-43CA-AF86-E4E4F5170AB2}
	EndGlobalSection
EndGlobal
